{
  "name": "Extension",
  "lockfileVersion": 3,
  "requires": true,
  "packages": {
    "": {
      "dependencies": {
        "supertokens-web-js": "^0.14.0"
      }
    },
    "node_modules/browser-tabs-lock": {
      "version": "1.3.0",
      "resolved": "https://registry.npmjs.org/browser-tabs-lock/-/browser-tabs-lock-1.3.0.tgz",
      "integrity": "sha512-g6nHaobTiT0eMZ7jh16YpD2kcjAp+PInbiVq3M1x6KKaEIVhT4v9oURNIpZLOZ3LQbQ3XYfNhMAb/9hzNLIWrw==",
      "hasInstallScript": true,
      "dependencies": {
        "lodash": ">=4.17.21"
      }
    },
    "node_modules/lodash": {
      "version": "4.17.21",
      "resolved": "https://registry.npmjs.org/lodash/-/lodash-4.17.21.tgz",
      "integrity": "sha512-v2kDEe57lecTulaDIuNTPy3Ry4gLGJ6Z1O3vE1krgXZNrsQ+LFTGHVxVjcXPs17LhbZVGedAJv8XZ1tvj5FvSg=="
    },
    "node_modules/supertokens-js-override": {
      "version": "0.0.4",
      "resolved": "https://registry.npmjs.org/supertokens-js-override/-/supertokens-js-override-0.0.4.tgz",
      "integrity": "sha512-r0JFBjkMIdep3Lbk3JA+MpnpuOtw4RSyrlRAbrzMcxwiYco3GFWl/daimQZ5b1forOiUODpOlXbSOljP/oyurg=="
    },
    "node_modules/supertokens-web-js": {
      "version": "0.14.0",
      "resolved": "https://registry.npmjs.org/supertokens-web-js/-/supertokens-web-js-0.14.0.tgz",
      "integrity": "sha512-p4HZ580YX9UYFfY9Sv2VzBQOilqHnNzhrmHlOc45oMxqr/vqvqf+Ih7OXS1lx6RUVmQT8TAsLlFFKIWslIkbHA==",
      "dependencies": {
        "supertokens-js-override": "0.0.4",
        "supertokens-website": "^20.1.5"
      }
    },
    "node_modules/supertokens-website": {
      "version": "20.1.5",
      "resolved": "https://registry.npmjs.org/supertokens-website/-/supertokens-website-20.1.5.tgz",
      "integrity": "sha512-2yN42BvHY41/pNIFdJTKSRW3sWZzfOY607i6cY+WWjHSAx7ppMgujyk8tKj+fiQ4MLWCk3HL6QsXZl0zLV4yEw==",
      "dependencies": {
        "browser-tabs-lock": "^1.3.0",
        "supertokens-js-override": "^0.0.4"
      }
    }
  }
}
